
Microsoft Visual Studio Solution File, Format Version 12.00
# Visual Studio 15
VisualStudioVersion = 15.0.28307.757
MinimumVisualStudioVersion = 10.0.40219.1
Project("{FAE04EC0-301F-11D3-BF4B-00C04F79EFBC}") = "FileReaderExample", "FileReaderExample\FileReaderExample.csproj", "{3E5AA6EA-085F-4589-9912-E4873E6E6C0B}"
EndProject
Project("{FAE04EC0-301F-11D3-BF4B-00C04F79EFBC}") = "LoginSocialNetwork", "LoginSocialNetwork\LoginSocialNetwork.csproj", "{AD6C405F-30E4-44BB-B13C-51AD03CCB9EB}"
EndProject
Global
	GlobalSection(SolutionConfigurationPlatforms) = preSolution
		Debug|Any CPU = Debug|Any CPU
		Release|Any CPU = Release|Any CPU
	EndGlobalSection
	GlobalSection(ProjectConfigurationPlatforms) = postSolution
		{3E5AA6EA-085F-4589-9912-E4873E6E6C0B}.Debug|Any CPU.ActiveCfg = Debug|Any CPU
		{3E5AA6EA-085F-4589-9912-E4873E6E6C0B}.Debug|Any CPU.Build.0 = Debug|Any CPU
		{3E5AA6EA-085F-4589-9912-E4873E6E6C0B}.Release|Any CPU.ActiveCfg = Release|Any CPU
		{3E5AA6EA-085F-4589-9912-E4873E6E6C0B}.Release|Any CPU.Build.0 = Release|Any CPU
		{AD6C405F-30E4-44BB-B13C-51AD03CCB9EB}.Debug|Any CPU.ActiveCfg = Debug|Any CPU
		{AD6C405F-30E4-44BB-B13C-51AD03CCB9EB}.Debug|Any CPU.Build.0 = Debug|Any CPU
		{AD6C405F-30E4-44BB-B13C-51AD03CCB9EB}.Release|Any CPU.ActiveCfg = Release|Any CPU
		{AD6C405F-30E4-44BB-B13C-51AD03CCB9EB}.Release|Any CPU.Build.0 = Release|Any CPU
	EndGlobalSection
	GlobalSection(SolutionProperties) = preSolution
		HideSolutionNode = FALSE
	EndGlobalSection
	GlobalSection(ExtensibilityGlobals) = postSolution
		SolutionGuid = {EE9F7F56-05CE-4B6B-8085-F0998ECF3A81}
	EndGlobalSection
EndGlobal
